
Microsoft Visual Studio Solution File, Format Version 12.00
# Visual Studio Version 16
VisualStudioVersion = 16.0.31005.135
MinimumVisualStudioVersion = 10.0.40219.1
Project("{2150E333-8FDC-42A3-9474-1A3956D46DE8}") = "BookShop", "BookShop", "{9FEF5180-E904-4987-8A33-39477CE0496F}"
EndProject
Project("{FAE04EC0-301F-11D3-BF4B-00C04F79EFBC}") = "BookShop.Web", "BookShop\BookShop.Web\BookShop.Web.csproj", "{B0BC054B-1AF9-424D-B8A9-BC68CB8995BA}"
EndProject
Project("{FAE04EC0-301F-11D3-BF4B-00C04F79EFBC}") = "BookShop.Domain", "BookShop\BookShop.Domain\BookShop.Domain.csproj", "{186BF305-FAD3-41B3-8D69-FBB6195C0C8A}"
EndProject
Project("{FAE04EC0-301F-11D3-BF4B-00C04F79EFBC}") = "BookShop.Repository", "BookShop\BookShop.Repository\BookShop.Repository.csproj", "{C3E0691E-144B-4E6B-9554-17C5FCBFC09A}"
EndProject
Project("{FAE04EC0-301F-11D3-BF4B-00C04F79EFBC}") = "BookShop.Services", "BookShop\BookShop.Services\BookShop.Services.csproj", "{FC72F5D7-9864-448A-9C93-E11A91B4DF34}"
EndProject
Global
	GlobalSection(SolutionConfigurationPlatforms) = preSolution
		Debug|Any CPU = Debug|Any CPU
		Release|Any CPU = Release|Any CPU
	EndGlobalSection
	GlobalSection(ProjectConfigurationPlatforms) = postSolution
		{B0BC054B-1AF9-424D-B8A9-BC68CB8995BA}.Debug|Any CPU.ActiveCfg = Debug|Any CPU
		{B0BC054B-1AF9-424D-B8A9-BC68CB8995BA}.Debug|Any CPU.Build.0 = Debug|Any CPU
		{B0BC054B-1AF9-424D-B8A9-BC68CB8995BA}.Release|Any CPU.ActiveCfg = Release|Any CPU
		{B0BC054B-1AF9-424D-B8A9-BC68CB8995BA}.Release|Any CPU.Build.0 = Release|Any CPU
		{186BF305-FAD3-41B3-8D69-FBB6195C0C8A}.Debug|Any CPU.ActiveCfg = Debug|Any CPU
		{186BF305-FAD3-41B3-8D69-FBB6195C0C8A}.Debug|Any CPU.Build.0 = Debug|Any CPU
		{186BF305-FAD3-41B3-8D69-FBB6195C0C8A}.Release|Any CPU.ActiveCfg = Release|Any CPU
		{186BF305-FAD3-41B3-8D69-FBB6195C0C8A}.Release|Any CPU.Build.0 = Release|Any CPU
		{C3E0691E-144B-4E6B-9554-17C5FCBFC09A}.Debug|Any CPU.ActiveCfg = Debug|Any CPU
		{C3E0691E-144B-4E6B-9554-17C5FCBFC09A}.Debug|Any CPU.Build.0 = Debug|Any CPU
		{C3E0691E-144B-4E6B-9554-17C5FCBFC09A}.Release|Any CPU.ActiveCfg = Release|Any CPU
		{C3E0691E-144B-4E6B-9554-17C5FCBFC09A}.Release|Any CPU.Build.0 = Release|Any CPU
		{FC72F5D7-9864-448A-9C93-E11A91B4DF34}.Debug|Any CPU.ActiveCfg = Debug|Any CPU
		{FC72F5D7-9864-448A-9C93-E11A91B4DF34}.Debug|Any CPU.Build.0 = Debug|Any CPU
		{FC72F5D7-9864-448A-9C93-E11A91B4DF34}.Release|Any CPU.ActiveCfg = Release|Any CPU
		{FC72F5D7-9864-448A-9C93-E11A91B4DF34}.Release|Any CPU.Build.0 = Release|Any CPU
	EndGlobalSection
	GlobalSection(SolutionProperties) = preSolution
		HideSolutionNode = FALSE
	EndGlobalSection
	GlobalSection(NestedProjects) = preSolution
		{B0BC054B-1AF9-424D-B8A9-BC68CB8995BA} = {9FEF5180-E904-4987-8A33-39477CE0496F}
		{186BF305-FAD3-41B3-8D69-FBB6195C0C8A} = {9FEF5180-E904-4987-8A33-39477CE0496F}
		{C3E0691E-144B-4E6B-9554-17C5FCBFC09A} = {9FEF5180-E904-4987-8A33-39477CE0496F}
		{FC72F5D7-9864-448A-9C93-E11A91B4DF34} = {9FEF5180-E904-4987-8A33-39477CE0496F}
	EndGlobalSection
	GlobalSection(ExtensibilityGlobals) = postSolution
		SolutionGuid = {A7B0F05D-5336-46A9-A5AE-B3AE56F05A87}
	EndGlobalSection
EndGlobal
